
Microsoft Visual Studio Solution File, Format Version 12.00
# Visual Studio 15
VisualStudioVersion = 15.0.28010.2046
MinimumVisualStudioVersion = 10.0.40219.1
Project("{D2ABAB84-BF74-430A-B69E-9DC6D40DDA17}") = "ProyectoMultidimensionalBases", "ProyectoMultidimensionalBases\ProyectoMultidimensionalBases.dwproj", "{494745E5-5FAC-496A-9E21-F74E56FAF970}"
EndProject
Global
	GlobalSection(SolutionConfigurationPlatforms) = preSolution
		Development|Default = Development|Default
	EndGlobalSection
	GlobalSection(ProjectConfigurationPlatforms) = postSolution
		{494745E5-5FAC-496A-9E21-F74E56FAF970}.Development|Default.ActiveCfg = Development
		{494745E5-5FAC-496A-9E21-F74E56FAF970}.Development|Default.Build.0 = Development
		{494745E5-5FAC-496A-9E21-F74E56FAF970}.Development|Default.Deploy.0 = Development
	EndGlobalSection
	GlobalSection(SolutionProperties) = preSolution
		HideSolutionNode = FALSE
	EndGlobalSection
	GlobalSection(ExtensibilityGlobals) = postSolution
		SolutionGuid = {B4A6DACF-EAB3-4B4B-B979-5C27FE3A4687}
	EndGlobalSection
EndGlobal
